
Microsoft Visual Studio Solution File, Format Version 12.00
# Visual Studio 15
VisualStudioVersion = 15.0.27004.2006
MinimumVisualStudioVersion = 10.0.40219.1
Project("{2150E333-8FDC-42A3-9474-1A3956D46DE8}") = "Setup", "Setup", "{379C64CD-6BAC-4FBF-A28B-D3753FCD98A9}"
	ProjectSection(SolutionItems) = preProject
		.dockerignore = .dockerignore
		.travis.yml = .travis.yml
		docker-compose.test.yml = docker-compose.test.yml
		Dockerfile.test = Dockerfile.test
		Dockerfile.test.build = Dockerfile.test.build
		Dockerfile.test.build.sh = Dockerfile.test.build.sh
	EndProjectSection
EndProject
Project("{9A19103F-16F7-4668-BE54-9A1E7A4F7556}") = "Com.Ambassador.Service.Inventory.WebApi", "Com.Ambassador.Service.Inventory.WebApi\Com.Ambassador.Service.Inventory.WebApi.csproj", "{EDDAC4F8-0C05-4CFC-B527-4F1E3605DCB9}"
EndProject
Project("{9A19103F-16F7-4668-BE54-9A1E7A4F7556}") = "Com.Ambassador.Service.Inventory.Lib", "Com.Ambassador.Service.Inventory.Lib\Com.Ambassador.Service.Inventory.Lib.csproj", "{CC2CBB29-619C-4454-894B-151F5CABD6D4}"
EndProject
Project("{9A19103F-16F7-4668-BE54-9A1E7A4F7556}") = "Com.Ambassador.Service.Inventory.Test", "Com.Ambassador.Service.Inventory.Test\Com.Ambassador.Service.Inventory.Test.csproj", "{31E68168-37F5-4482-92AB-44EB549B144A}"
EndProject
Global
	GlobalSection(SolutionConfigurationPlatforms) = preSolution
		Debug|Any CPU = Debug|Any CPU
		Release|Any CPU = Release|Any CPU
	EndGlobalSection
	GlobalSection(ProjectConfigurationPlatforms) = postSolution
		{EDDAC4F8-0C05-4CFC-B527-4F1E3605DCB9}.Debug|Any CPU.ActiveCfg = Debug|Any CPU
		{EDDAC4F8-0C05-4CFC-B527-4F1E3605DCB9}.Debug|Any CPU.Build.0 = Debug|Any CPU
		{EDDAC4F8-0C05-4CFC-B527-4F1E3605DCB9}.Release|Any CPU.ActiveCfg = Release|Any CPU
		{EDDAC4F8-0C05-4CFC-B527-4F1E3605DCB9}.Release|Any CPU.Build.0 = Release|Any CPU
		{CC2CBB29-619C-4454-894B-151F5CABD6D4}.Debug|Any CPU.ActiveCfg = Debug|Any CPU
		{CC2CBB29-619C-4454-894B-151F5CABD6D4}.Debug|Any CPU.Build.0 = Debug|Any CPU
		{CC2CBB29-619C-4454-894B-151F5CABD6D4}.Release|Any CPU.ActiveCfg = Release|Any CPU
		{CC2CBB29-619C-4454-894B-151F5CABD6D4}.Release|Any CPU.Build.0 = Release|Any CPU
		{31E68168-37F5-4482-92AB-44EB549B144A}.Debug|Any CPU.ActiveCfg = Debug|Any CPU
		{31E68168-37F5-4482-92AB-44EB549B144A}.Debug|Any CPU.Build.0 = Debug|Any CPU
		{31E68168-37F5-4482-92AB-44EB549B144A}.Release|Any CPU.ActiveCfg = Release|Any CPU
		{31E68168-37F5-4482-92AB-44EB549B144A}.Release|Any CPU.Build.0 = Release|Any CPU
	EndGlobalSection
	GlobalSection(SolutionProperties) = preSolution
		HideSolutionNode = FALSE
	EndGlobalSection
	GlobalSection(ExtensibilityGlobals) = postSolution
		SolutionGuid = {674649B4-727F-4ECB-A43E-5FB293554E36}
	EndGlobalSection
EndGlobal
